
Microsoft Visual Studio Solution File, Format Version 12.00
# Visual Studio Version 17
VisualStudioVersion = 17.3.32929.385
MinimumVisualStudioVersion = 10.0.40219.1
Project("{FAE04EC0-301F-11D3-BF4B-00C04F79EFBC}") = "Fundamentals Mid Exam", "Fundamentals Mid Exam\Fundamentals Mid Exam.csproj", "{627C5846-E0FF-410B-B782-46E8D26FB8E1}"
EndProject
Project("{FAE04EC0-301F-11D3-BF4B-00C04F79EFBC}") = "02. Coffee Lover", "02. Coffee Lover\02. Coffee Lover.csproj", "{E3CC249A-4830-454F-8C4B-4F1E8E4D06A2}"
EndProject
Project("{FAE04EC0-301F-11D3-BF4B-00C04F79EFBC}") = "03. Phone Shop", "03. Phone Shop\03. Phone Shop.csproj", "{DF886745-369B-4BCB-A841-66781ED8C8A2}"
EndProject
Global
	GlobalSection(SolutionConfigurationPlatforms) = preSolution
		Debug|Any CPU = Debug|Any CPU
		Release|Any CPU = Release|Any CPU
	EndGlobalSection
	GlobalSection(ProjectConfigurationPlatforms) = postSolution
		{627C5846-E0FF-410B-B782-46E8D26FB8E1}.Debug|Any CPU.ActiveCfg = Debug|Any CPU
		{627C5846-E0FF-410B-B782-46E8D26FB8E1}.Debug|Any CPU.Build.0 = Debug|Any CPU
		{627C5846-E0FF-410B-B782-46E8D26FB8E1}.Release|Any CPU.ActiveCfg = Release|Any CPU
		{627C5846-E0FF-410B-B782-46E8D26FB8E1}.Release|Any CPU.Build.0 = Release|Any CPU
		{E3CC249A-4830-454F-8C4B-4F1E8E4D06A2}.Debug|Any CPU.ActiveCfg = Debug|Any CPU
		{E3CC249A-4830-454F-8C4B-4F1E8E4D06A2}.Debug|Any CPU.Build.0 = Debug|Any CPU
		{E3CC249A-4830-454F-8C4B-4F1E8E4D06A2}.Release|Any CPU.ActiveCfg = Release|Any CPU
		{E3CC249A-4830-454F-8C4B-4F1E8E4D06A2}.Release|Any CPU.Build.0 = Release|Any CPU
		{DF886745-369B-4BCB-A841-66781ED8C8A2}.Debug|Any CPU.ActiveCfg = Debug|Any CPU
		{DF886745-369B-4BCB-A841-66781ED8C8A2}.Debug|Any CPU.Build.0 = Debug|Any CPU
		{DF886745-369B-4BCB-A841-66781ED8C8A2}.Release|Any CPU.ActiveCfg = Release|Any CPU
		{DF886745-369B-4BCB-A841-66781ED8C8A2}.Release|Any CPU.Build.0 = Release|Any CPU
	EndGlobalSection
	GlobalSection(SolutionProperties) = preSolution
		HideSolutionNode = FALSE
	EndGlobalSection
	GlobalSection(ExtensibilityGlobals) = postSolution
		SolutionGuid = {6334C9FD-DF3A-4A69-85F4-4002FDBC5F2E}
	EndGlobalSection
EndGlobal
