
Microsoft Visual Studio Solution File, Format Version 12.00
# Visual Studio Version 17
VisualStudioVersion = 17.3.32929.385
MinimumVisualStudioVersion = 10.0.40219.1
Project("{FAE04EC0-301F-11D3-BF4B-00C04F79EFBC}") = "01. Valid Usernames", "01. Valid Usernames\01. Valid Usernames.csproj", "{F793BBBF-5CAA-464B-8936-7B66FBA05781}"
EndProject
Project("{FAE04EC0-301F-11D3-BF4B-00C04F79EFBC}") = "02. Character Multiplier", "02. Character Multiplier\02. Character Multiplier.csproj", "{87A61757-C2C9-460B-A7F4-DCD934E68A7A}"
EndProject
Global
	GlobalSection(SolutionConfigurationPlatforms) = preSolution
		Debug|Any CPU = Debug|Any CPU
		Release|Any CPU = Release|Any CPU
	EndGlobalSection
	GlobalSection(ProjectConfigurationPlatforms) = postSolution
		{F793BBBF-5CAA-464B-8936-7B66FBA05781}.Debug|Any CPU.ActiveCfg = Debug|Any CPU
		{F793BBBF-5CAA-464B-8936-7B66FBA05781}.Debug|Any CPU.Build.0 = Debug|Any CPU
		{F793BBBF-5CAA-464B-8936-7B66FBA05781}.Release|Any CPU.ActiveCfg = Release|Any CPU
		{F793BBBF-5CAA-464B-8936-7B66FBA05781}.Release|Any CPU.Build.0 = Release|Any CPU
		{87A61757-C2C9-460B-A7F4-DCD934E68A7A}.Debug|Any CPU.ActiveCfg = Debug|Any CPU
		{87A61757-C2C9-460B-A7F4-DCD934E68A7A}.Debug|Any CPU.Build.0 = Debug|Any CPU
		{87A61757-C2C9-460B-A7F4-DCD934E68A7A}.Release|Any CPU.ActiveCfg = Release|Any CPU
		{87A61757-C2C9-460B-A7F4-DCD934E68A7A}.Release|Any CPU.Build.0 = Release|Any CPU
	EndGlobalSection
	GlobalSection(SolutionProperties) = preSolution
		HideSolutionNode = FALSE
	EndGlobalSection
	GlobalSection(ExtensibilityGlobals) = postSolution
		SolutionGuid = {98F7404C-2A5D-4D5F-AAF0-A13C867E6999}
	EndGlobalSection
EndGlobal
