
Microsoft Visual Studio Solution File, Format Version 12.00
# Visual Studio Version 17
VisualStudioVersion = 17.4.33213.308
MinimumVisualStudioVersion = 10.0.40219.1
Project("{FAE04EC0-301F-11D3-BF4B-00C04F79EFBC}") = "01. Sign of Integer Numbers", "01. Sign of Integer Numbers\01. Sign of Integer Numbers.csproj", "{4DAC3561-B78D-48B2-B530-896FE5A14B29}"
EndProject
Project("{FAE04EC0-301F-11D3-BF4B-00C04F79EFBC}") = "02. Grades", "02. Grades\02. Grades.csproj", "{529B5F0A-0CDA-45C0-88AD-51CBC1A7F7E2}"
EndProject
Project("{FAE04EC0-301F-11D3-BF4B-00C04F79EFBC}") = "03. Calculations", "03. Calculations\03. Calculations.csproj", "{D05F6549-4630-4C10-90C4-FE0986DC1CDC}"
EndProject
Project("{FAE04EC0-301F-11D3-BF4B-00C04F79EFBC}") = "04. Printing Triangle", "04. Printing Triangle\04. Printing Triangle.csproj", "{3ADEDFD7-38CF-4276-BB1D-9FA1F494AE1C}"
EndProject
Project("{FAE04EC0-301F-11D3-BF4B-00C04F79EFBC}") = "05. Orders", "05. Orders\05. Orders.csproj", "{06122826-B561-4654-9D40-EE7FF215BAB5}"
EndProject
Global
	GlobalSection(SolutionConfigurationPlatforms) = preSolution
		Debug|Any CPU = Debug|Any CPU
		Release|Any CPU = Release|Any CPU
	EndGlobalSection
	GlobalSection(ProjectConfigurationPlatforms) = postSolution
		{4DAC3561-B78D-48B2-B530-896FE5A14B29}.Debug|Any CPU.ActiveCfg = Debug|Any CPU
		{4DAC3561-B78D-48B2-B530-896FE5A14B29}.Debug|Any CPU.Build.0 = Debug|Any CPU
		{4DAC3561-B78D-48B2-B530-896FE5A14B29}.Release|Any CPU.ActiveCfg = Release|Any CPU
		{4DAC3561-B78D-48B2-B530-896FE5A14B29}.Release|Any CPU.Build.0 = Release|Any CPU
		{529B5F0A-0CDA-45C0-88AD-51CBC1A7F7E2}.Debug|Any CPU.ActiveCfg = Debug|Any CPU
		{529B5F0A-0CDA-45C0-88AD-51CBC1A7F7E2}.Debug|Any CPU.Build.0 = Debug|Any CPU
		{529B5F0A-0CDA-45C0-88AD-51CBC1A7F7E2}.Release|Any CPU.ActiveCfg = Release|Any CPU
		{529B5F0A-0CDA-45C0-88AD-51CBC1A7F7E2}.Release|Any CPU.Build.0 = Release|Any CPU
		{D05F6549-4630-4C10-90C4-FE0986DC1CDC}.Debug|Any CPU.ActiveCfg = Debug|Any CPU
		{D05F6549-4630-4C10-90C4-FE0986DC1CDC}.Debug|Any CPU.Build.0 = Debug|Any CPU
		{D05F6549-4630-4C10-90C4-FE0986DC1CDC}.Release|Any CPU.ActiveCfg = Release|Any CPU
		{D05F6549-4630-4C10-90C4-FE0986DC1CDC}.Release|Any CPU.Build.0 = Release|Any CPU
		{3ADEDFD7-38CF-4276-BB1D-9FA1F494AE1C}.Debug|Any CPU.ActiveCfg = Debug|Any CPU
		{3ADEDFD7-38CF-4276-BB1D-9FA1F494AE1C}.Debug|Any CPU.Build.0 = Debug|Any CPU
		{3ADEDFD7-38CF-4276-BB1D-9FA1F494AE1C}.Release|Any CPU.ActiveCfg = Release|Any CPU
		{3ADEDFD7-38CF-4276-BB1D-9FA1F494AE1C}.Release|Any CPU.Build.0 = Release|Any CPU
		{06122826-B561-4654-9D40-EE7FF215BAB5}.Debug|Any CPU.ActiveCfg = Debug|Any CPU
		{06122826-B561-4654-9D40-EE7FF215BAB5}.Debug|Any CPU.Build.0 = Debug|Any CPU
		{06122826-B561-4654-9D40-EE7FF215BAB5}.Release|Any CPU.ActiveCfg = Release|Any CPU
		{06122826-B561-4654-9D40-EE7FF215BAB5}.Release|Any CPU.Build.0 = Release|Any CPU
	EndGlobalSection
	GlobalSection(SolutionProperties) = preSolution
		HideSolutionNode = FALSE
	EndGlobalSection
	GlobalSection(ExtensibilityGlobals) = postSolution
		SolutionGuid = {0BFF9BEA-3C67-42DF-8BF0-01A4B0DD15B4}
	EndGlobalSection
EndGlobal
