
Microsoft Visual Studio Solution File, Format Version 12.00
# Visual Studio Version 17
VisualStudioVersion = 17.3.32929.385
MinimumVisualStudioVersion = 10.0.40219.1
Project("{FAE04EC0-301F-11D3-BF4B-00C04F79EFBC}") = "01. Smallest of Three Numbers", "01. Smallest of Three Numbers\01. Smallest of Three Numbers.csproj", "{50998320-0120-4C22-895D-02041DD79A32}"
EndProject
Project("{FAE04EC0-301F-11D3-BF4B-00C04F79EFBC}") = "02. Vowels Count", "02. Vowels Count\02. Vowels Count.csproj", "{6419B40B-5E92-4EA5-BCB0-1F5961409029}"
EndProject
Project("{FAE04EC0-301F-11D3-BF4B-00C04F79EFBC}") = "03. Characters in Range", "03. Characters in Range\03. Characters in Range.csproj", "{EB686AE4-D153-44A5-B2F3-6646F1549AEA}"
EndProject
Project("{FAE04EC0-301F-11D3-BF4B-00C04F79EFBC}") = "04. Password Validator", "04. Password Validator\04. Password Validator.csproj", "{C7E576EE-28F1-423E-93EC-B8B77E87F366}"
EndProject
Global
	GlobalSection(SolutionConfigurationPlatforms) = preSolution
		Debug|Any CPU = Debug|Any CPU
		Release|Any CPU = Release|Any CPU
	EndGlobalSection
	GlobalSection(ProjectConfigurationPlatforms) = postSolution
		{50998320-0120-4C22-895D-02041DD79A32}.Debug|Any CPU.ActiveCfg = Debug|Any CPU
		{50998320-0120-4C22-895D-02041DD79A32}.Debug|Any CPU.Build.0 = Debug|Any CPU
		{50998320-0120-4C22-895D-02041DD79A32}.Release|Any CPU.ActiveCfg = Release|Any CPU
		{50998320-0120-4C22-895D-02041DD79A32}.Release|Any CPU.Build.0 = Release|Any CPU
		{6419B40B-5E92-4EA5-BCB0-1F5961409029}.Debug|Any CPU.ActiveCfg = Debug|Any CPU
		{6419B40B-5E92-4EA5-BCB0-1F5961409029}.Debug|Any CPU.Build.0 = Debug|Any CPU
		{6419B40B-5E92-4EA5-BCB0-1F5961409029}.Release|Any CPU.ActiveCfg = Release|Any CPU
		{6419B40B-5E92-4EA5-BCB0-1F5961409029}.Release|Any CPU.Build.0 = Release|Any CPU
		{EB686AE4-D153-44A5-B2F3-6646F1549AEA}.Debug|Any CPU.ActiveCfg = Debug|Any CPU
		{EB686AE4-D153-44A5-B2F3-6646F1549AEA}.Debug|Any CPU.Build.0 = Debug|Any CPU
		{EB686AE4-D153-44A5-B2F3-6646F1549AEA}.Release|Any CPU.ActiveCfg = Release|Any CPU
		{EB686AE4-D153-44A5-B2F3-6646F1549AEA}.Release|Any CPU.Build.0 = Release|Any CPU
		{C7E576EE-28F1-423E-93EC-B8B77E87F366}.Debug|Any CPU.ActiveCfg = Debug|Any CPU
		{C7E576EE-28F1-423E-93EC-B8B77E87F366}.Debug|Any CPU.Build.0 = Debug|Any CPU
		{C7E576EE-28F1-423E-93EC-B8B77E87F366}.Release|Any CPU.ActiveCfg = Release|Any CPU
		{C7E576EE-28F1-423E-93EC-B8B77E87F366}.Release|Any CPU.Build.0 = Release|Any CPU
	EndGlobalSection
	GlobalSection(SolutionProperties) = preSolution
		HideSolutionNode = FALSE
	EndGlobalSection
	GlobalSection(ExtensibilityGlobals) = postSolution
		SolutionGuid = {A2EE9D38-F28F-4596-9113-054F03F5B5D9}
	EndGlobalSection
EndGlobal
