
Microsoft Visual Studio Solution File, Format Version 12.00
# Visual Studio Version 17
VisualStudioVersion = 17.3.32929.385
MinimumVisualStudioVersion = 10.0.40219.1
Project("{FAE04EC0-301F-11D3-BF4B-00C04F79EFBC}") = "01. Furniture", "01. Furniture\01. Furniture.csproj", "{93BC71A0-6CBD-4AD7-8AC9-360FA99F13DD}"
EndProject
Project("{FAE04EC0-301F-11D3-BF4B-00C04F79EFBC}") = "03. SoftUni Bar Income", "03. SoftUni Bar Income\03. SoftUni Bar Income.csproj", "{0E9B30AF-A58C-4563-B0E0-000A73684BE4}"
EndProject
Project("{FAE04EC0-301F-11D3-BF4B-00C04F79EFBC}") = "04. Star Enigma", "04. Star Enigma\04. Star Enigma.csproj", "{57837F7E-D4C9-4CA8-BE48-89209722EA14}"
EndProject
Global
	GlobalSection(SolutionConfigurationPlatforms) = preSolution
		Debug|Any CPU = Debug|Any CPU
		Release|Any CPU = Release|Any CPU
	EndGlobalSection
	GlobalSection(ProjectConfigurationPlatforms) = postSolution
		{93BC71A0-6CBD-4AD7-8AC9-360FA99F13DD}.Debug|Any CPU.ActiveCfg = Debug|Any CPU
		{93BC71A0-6CBD-4AD7-8AC9-360FA99F13DD}.Debug|Any CPU.Build.0 = Debug|Any CPU
		{93BC71A0-6CBD-4AD7-8AC9-360FA99F13DD}.Release|Any CPU.ActiveCfg = Release|Any CPU
		{93BC71A0-6CBD-4AD7-8AC9-360FA99F13DD}.Release|Any CPU.Build.0 = Release|Any CPU
		{0E9B30AF-A58C-4563-B0E0-000A73684BE4}.Debug|Any CPU.ActiveCfg = Debug|Any CPU
		{0E9B30AF-A58C-4563-B0E0-000A73684BE4}.Debug|Any CPU.Build.0 = Debug|Any CPU
		{0E9B30AF-A58C-4563-B0E0-000A73684BE4}.Release|Any CPU.ActiveCfg = Release|Any CPU
		{0E9B30AF-A58C-4563-B0E0-000A73684BE4}.Release|Any CPU.Build.0 = Release|Any CPU
		{57837F7E-D4C9-4CA8-BE48-89209722EA14}.Debug|Any CPU.ActiveCfg = Debug|Any CPU
		{57837F7E-D4C9-4CA8-BE48-89209722EA14}.Debug|Any CPU.Build.0 = Debug|Any CPU
		{57837F7E-D4C9-4CA8-BE48-89209722EA14}.Release|Any CPU.ActiveCfg = Release|Any CPU
		{57837F7E-D4C9-4CA8-BE48-89209722EA14}.Release|Any CPU.Build.0 = Release|Any CPU
	EndGlobalSection
	GlobalSection(SolutionProperties) = preSolution
		HideSolutionNode = FALSE
	EndGlobalSection
	GlobalSection(ExtensibilityGlobals) = postSolution
		SolutionGuid = {734EEC77-B5AE-4255-8B42-5FB7B935C78F}
	EndGlobalSection
EndGlobal
